// !$*UTF8*$!
{
	archiveVersion = 1;
	classes = {
	};
	objectVersion = 46;
	objects = {

/* Begin PBXBuildFile section */
		D5159A7E1F20552F00AF7CC6 /* ColorDetailViewController.swift in Sources */ = {isa = PBXBuildFile; fileRef = D5159A7D1F20552F00AF7CC6 /* ColorDetailViewController.swift */; };
		D59751251F20493B00FA23F3 /* AppDelegate.swift in Sources */ = {isa = PBXBuildFile; fileRef = D59751241F20493B00FA23F3 /* AppDelegate.swift */; };
		D597512A1F20493B00FA23F3 /* Main.storyboard in Resources */ = {isa = PBXBuildFile; fileRef = D59751281F20493B00FA23F3 /* Main.storyboard */; };
		D597512C1F20493B00FA23F3 /* Assets.xcassets in Resources */ = {isa = PBXBuildFile; fileRef = D597512B1F20493B00FA23F3 /* Assets.xcassets */; };
		D597512F1F20493B00FA23F3 /* LaunchScreen.storyboard in Resources */ = {isa = PBXBuildFile; fileRef = D597512D1F20493B00FA23F3 /* LaunchScreen.storyboard */; };
		D597513A1F20493B00FA23F3 /* Colors_with_NavigationTests.swift in Sources */ = {isa = PBXBuildFile; fileRef = D59751391F20493B00FA23F3 /* Colors_with_NavigationTests.swift */; };
		D59751451F20493B00FA23F3 /* Colors_with_NavigationUITests.swift in Sources */ = {isa = PBXBuildFile; fileRef = D59751441F20493B00FA23F3 /* Colors_with_NavigationUITests.swift */; };
		D59751531F2049B400FA23F3 /* ColorsViewController.swift in Sources */ = {isa = PBXBuildFile; fileRef = D59751521F2049B400FA23F3 /* ColorsViewController.swift */; };
		D59751551F204D0000FA23F3 /* Color.swift in Sources */ = {isa = PBXBuildFile; fileRef = D59751541F204D0000FA23F3 /* Color.swift */; };
/* End PBXBuildFile section */

/* Begin PBXContainerItemProxy section */
		D59751361F20493B00FA23F3 /* PBXContainerItemProxy */ = {
			isa = PBXContainerItemProxy;
			containerPortal = D59751191F20493B00FA23F3 /* Project object */;
			proxyType = 1;
			remoteGlobalIDString = D59751201F20493B00FA23F3;
			remoteInfo = "Colors with Navigation";
		};
		D59751411F20493B00FA23F3 /* PBXContainerItemProxy */ = {
			isa = PBXContainerItemProxy;
			containerPortal = D59751191F20493B00FA23F3 /* Project object */;
			proxyType = 1;
			remoteGlobalIDString = D59751201F20493B00FA23F3;
			remoteInfo = "Colors with Navigation";
		};
/* End PBXContainerItemProxy section */

/* Begin PBXFileReference section */
		D5159A7D1F20552F00AF7CC6 /* ColorDetailViewController.swift */ = {isa = PBXFileReference; fileEncoding = 4; lastKnownFileType = sourcecode.swift; path = ColorDetailViewController.swift; sourceTree = "<group>"; };
		D59751211F20493B00FA23F3 /* Colors with Navigation.app */ = {isa = PBXFileReference; explicitFileType = wrapper.application; includeInIndex = 0; path = "Colors with Navigation.app"; sourceTree = BUILT_PRODUCTS_DIR; };
		D59751241F20493B00FA23F3 /* AppDelegate.swift */ = {isa = PBXFileReference; lastKnownFileType = sourcecode.swift; path = AppDelegate.swift; sourceTree = "<group>"; };
		D59751291F20493B00FA23F3 /* Base */ = {isa = PBXFileReference; lastKnownFileType = file.storyboard; name = Base; path = Base.lproj/Main.storyboard; sourceTree = "<group>"; };
		D597512B1F20493B00FA23F3 /* Assets.xcassets */ = {isa = PBXFileReference; lastKnownFileType = folder.assetcatalog; path = Assets.xcassets; sourceTree = "<group>"; };
		D597512E1F20493B00FA23F3 /* Base */ = {isa = PBXFileReference; lastKnownFileType = file.storyboard; name = Base; path = Base.lproj/LaunchScreen.storyboard; sourceTree = "<group>"; };
		D59751301F20493B00FA23F3 /* Info.plist */ = {isa = PBXFileReference; lastKnownFileType = text.plist.xml; path = Info.plist; sourceTree = "<group>"; };
		D59751351F20493B00FA23F3 /* Colors with NavigationTests.xctest */ = {isa = PBXFileReference; explicitFileType = wrapper.cfbundle; includeInIndex = 0; path = "Colors with NavigationTests.xctest"; sourceTree = BUILT_PRODUCTS_DIR; };
		D59751391F20493B00FA23F3 /* Colors_with_NavigationTests.swift */ = {isa = PBXFileReference; lastKnownFileType = sourcecode.swift; path = Colors_with_NavigationTests.swift; sourceTree = "<group>"; };
		D597513B1F20493B00FA23F3 /* Info.plist */ = {isa = PBXFileReference; lastKnownFileType = text.plist.xml; path = Info.plist; sourceTree = "<group>"; };
		D59751401F20493B00FA23F3 /* Colors with NavigationUITests.xctest */ = {isa = PBXFileReference; explicitFileType = wrapper.cfbundle; includeInIndex = 0; path = "Colors with NavigationUITests.xctest"; sourceTree = BUILT_PRODUCTS_DIR; };
		D59751441F20493B00FA23F3 /* Colors_with_NavigationUITests.swift */ = {isa = PBXFileReference; lastKnownFileType = sourcecode.swift; path = Colors_with_NavigationUITests.swift; sourceTree = "<group>"; };
		D59751461F20493B00FA23F3 /* Info.plist */ = {isa = PBXFileReference; lastKnownFileType = text.plist.xml; path = Info.plist; sourceTree = "<group>"; };
		D59751521F2049B400FA23F3 /* ColorsViewController.swift */ = {isa = PBXFileReference; fileEncoding = 4; lastKnownFileType = sourcecode.swift; path = ColorsViewController.swift; sourceTree = "<group>"; };
		D59751541F204D0000FA23F3 /* Color.swift */ = {isa = PBXFileReference; fileEncoding = 4; lastKnownFileType = sourcecode.swift; path = Color.swift; sourceTree = "<group>"; };
/* End PBXFileReference section */

/* Begin PBXFrameworksBuildPhase section */
		D597511E1F20493B00FA23F3 /* Frameworks */ = {
			isa = PBXFrameworksBuildPhase;
			buildActionMask = 2147483647;
			files = (
			);
			runOnlyForDeploymentPostprocessing = 0;
		};
		D59751321F20493B00FA23F3 /* Frameworks */ = {
			isa = PBXFrameworksBuildPhase;
			buildActionMask = 2147483647;
			files = (
			);
			runOnlyForDeploymentPostprocessing = 0;
		};
		D597513D1F20493B00FA23F3 /* Frameworks */ = {
			isa = PBXFrameworksBuildPhase;
			buildActionMask = 2147483647;
			files = (
			);
			runOnlyForDeploymentPostprocessing = 0;
		};
/* End PBXFrameworksBuildPhase section */

/* Begin PBXGroup section */
		D59751181F20493B00FA23F3 = {
			isa = PBXGroup;
			children = (
				D59751231F20493B00FA23F3 /* Colors with Navigation */,
				D59751381F20493B00FA23F3 /* Colors with NavigationTests */,
				D59751431F20493B00FA23F3 /* Colors with NavigationUITests */,
				D59751221F20493B00FA23F3 /* Products */,
			);
			sourceTree = "<group>";
		};
		D59751221F20493B00FA23F3 /* Products */ = {
			isa = PBXGroup;
			children = (
				D59751211F20493B00FA23F3 /* Colors with Navigation.app */,
				D59751351F20493B00FA23F3 /* Colors with NavigationTests.xctest */,
				D59751401F20493B00FA23F3 /* Colors with NavigationUITests.xctest */,
			);
			name = Products;
			sourceTree = "<group>";
		};
		D59751231F20493B00FA23F3 /* Colors with Navigation */ = {
			isa = PBXGroup;
			children = (
				D59751241F20493B00FA23F3 /* AppDelegate.swift */,
				D59751521F2049B400FA23F3 /* ColorsViewController.swift */,
				D5159A7D1F20552F00AF7CC6 /* ColorDetailViewController.swift */,
				D59751281F20493B00FA23F3 /* Main.storyboard */,
				D597512B1F20493B00FA23F3 /* Assets.xcassets */,
				D597512D1F20493B00FA23F3 /* LaunchScreen.storyboard */,
				D59751301F20493B00FA23F3 /* Info.plist */,
				D59751541F204D0000FA23F3 /* Color.swift */,
			);
			path = "Colors with Navigation";
			sourceTree = "<group>";
		};
		D59751381F20493B00FA23F3 /* Colors with NavigationTests */ = {
			isa = PBXGroup;
			children = (
				D59751391F20493B00FA23F3 /* Colors_with_NavigationTests.swift */,
				D597513B1F20493B00FA23F3 /* Info.plist */,
			);
			path = "Colors with NavigationTests";
			sourceTree = "<group>";
		};
		D59751431F20493B00FA23F3 /* Colors with NavigationUITests */ = {
			isa = PBXGroup;
			children = (
				D59751441F20493B00FA23F3 /* Colors_with_NavigationUITests.swift */,
				D59751461F20493B00FA23F3 /* Info.plist */,
			);
			path = "Colors with NavigationUITests";
			sourceTree = "<group>";
		};
/* End PBXGroup section */

/* Begin PBXNativeTarget section */
		D59751201F20493B00FA23F3 /* Colors with Navigation */ = {
			isa = PBXNativeTarget;
			buildConfigurationList = D59751491F20493B00FA23F3 /* Build configuration list for PBXNativeTarget "Colors with Navigation" */;
			buildPhases = (
				D597511D1F20493B00FA23F3 /* Sources */,
				D597511E1F20493B00FA23F3 /* Frameworks */,
				D597511F1F20493B00FA23F3 /* Resources */,
			);
			buildRules = (
			);
			dependencies = (
			);
			name = "Colors with Navigation";
			productName = "Colors with Navigation";
			productReference = D59751211F20493B00FA23F3 /* Colors with Navigation.app */;
			productType = "com.apple.product-type.application";
		};
		D59751341F20493B00FA23F3 /* Colors with NavigationTests */ = {
			isa = PBXNativeTarget;
			buildConfigurationList = D597514C1F20493B00FA23F3 /* Build configuration list for PBXNativeTarget "Colors with NavigationTests" */;
			buildPhases = (
				D59751311F20493B00FA23F3 /* Sources */,
				D59751321F20493B00FA23F3 /* Frameworks */,
				D59751331F20493B00FA23F3 /* Resources */,
			);
			buildRules = (
			);
			dependencies = (
				D59751371F20493B00FA23F3 /* PBXTargetDependency */,
			);
			name = "Colors with NavigationTests";
			productName = "Colors with NavigationTests";
			productReference = D59751351F20493B00FA23F3 /* Colors with NavigationTests.xctest */;
			productType = "com.apple.product-type.bundle.unit-test";
		};
		D597513F1F20493B00FA23F3 /* Colors with NavigationUITests */ = {
			isa = PBXNativeTarget;
			buildConfigurationList = D597514F1F20493B00FA23F3 /* Build configuration list for PBXNativeTarget "Colors with NavigationUITests" */;
			buildPhases = (
				D597513C1F20493B00FA23F3 /* Sources */,
				D597513D1F20493B00FA23F3 /* Frameworks */,
				D597513E1F20493B00FA23F3 /* Resources */,
			);
			buildRules = (
			);
			dependencies = (
				D59751421F20493B00FA23F3 /* PBXTargetDependency */,
			);
			name = "Colors with NavigationUITests";
			productName = "Colors with NavigationUITests";
			productReference = D59751401F20493B00FA23F3 /* Colors with NavigationUITests.xctest */;
			productType = "com.apple.product-type.bundle.ui-testing";
		};
/* End PBXNativeTarget section */

/* Begin PBXProject section */
		D59751191F20493B00FA23F3 /* Project object */ = {
			isa = PBXProject;
			attributes = {
				LastSwiftUpdateCheck = 0830;
				LastUpgradeCheck = 0830;
				ORGANIZATIONNAME = "Alyssa Nielsen";
				TargetAttributes = {
					D59751201F20493B00FA23F3 = {
						CreatedOnToolsVersion = 8.3.3;
						DevelopmentTeam = 2VB37L389D;
						ProvisioningStyle = Automatic;
					};
					D59751341F20493B00FA23F3 = {
						CreatedOnToolsVersion = 8.3.3;
						DevelopmentTeam = 2VB37L389D;
						ProvisioningStyle = Automatic;
						TestTargetID = D59751201F20493B00FA23F3;
					};
					D597513F1F20493B00FA23F3 = {
						CreatedOnToolsVersion = 8.3.3;
						DevelopmentTeam = 2VB37L389D;
						ProvisioningStyle = Automatic;
						TestTargetID = D59751201F20493B00FA23F3;
					};
				};
			};
			buildConfigurationList = D597511C1F20493B00FA23F3 /* Build configuration list for PBXProject "Colors with Navigation" */;
			compatibilityVersion = "Xcode 3.2";
			developmentRegion = English;
			hasScannedForEncodings = 0;
			knownRegions = (
				en,
				Base,
			);
			mainGroup = D59751181F20493B00FA23F3;
			productRefGroup = D59751221F20493B00FA23F3 /* Products */;
			projectDirPath = "";
			projectRoot = "";
			targets = (
				D59751201F20493B00FA23F3 /* Colors with Navigation */,
				D59751341F20493B00FA23F3 /* Colors with NavigationTests */,
				D597513F1F20493B00FA23F3 /* Colors with NavigationUITests */,
			);
		};
/* End PBXProject section */

/* Begin PBXResourcesBuildPhase section */
		D597511F1F20493B00FA23F3 /* Resources */ = {
			isa = PBXResourcesBuildPhase;
			buildActionMask = 2147483647;
			files = (
				D597512F1F20493B00FA23F3 /* LaunchScreen.storyboard in Resources */,
				D597512C1F20493B00FA23F3 /* Assets.xcassets in Resources */,
				D597512A1F20493B00FA23F3 /* Main.storyboard in Resources */,
			);
			runOnlyForDeploymentPostprocessing = 0;
		};
		D59751331F20493B00FA23F3 /* Resources */ = {
			isa = PBXResourcesBuildPhase;
			buildActionMask = 2147483647;
			files = (
			);
			runOnlyForDeploymentPostprocessing = 0;
		};
		D597513E1F20493B00FA23F3 /* Resources */ = {
			isa = PBXResourcesBuildPhase;
			buildActionMask = 2147483647;
			files = (
			);
			runOnlyForDeploymentPostprocessing = 0;
		};
/* End PBXResourcesBuildPhase section */

/* Begin PBXSourcesBuildPhase section */
		D597511D1F20493B00FA23F3 /* Sources */ = {
			isa = PBXSourcesBuildPhase;
			buildActionMask = 2147483647;
			files = (
				D59751531F2049B400FA23F3 /* ColorsViewController.swift in Sources */,
				D59751251F20493B00FA23F3 /* AppDelegate.swift in Sources */,
				D59751551F204D0000FA23F3 /* Color.swift in Sources */,
				D5159A7E1F20552F00AF7CC6 /* ColorDetailViewController.swift in Sources */,
			);
			runOnlyForDeploymentPostprocessing = 0;
		};
		D59751311F20493B00FA23F3 /* Sources */ = {
			isa = PBXSourcesBuildPhase;
			buildActionMask = 2147483647;
			files = (
				D597513A1F20493B00FA23F3 /* Colors_with_NavigationTests.swift in Sources */,
			);
			runOnlyForDeploymentPostprocessing = 0;
		};
		D597513C1F20493B00FA23F3 /* Sources */ = {
			isa = PBXSourcesBuildPhase;
			buildActionMask = 2147483647;
			files = (
				D59751451F20493B00FA23F3 /* Colors_with_NavigationUITests.swift in Sources */,
			);
			runOnlyForDeploymentPostprocessing = 0;
		};
/* End PBXSourcesBuildPhase section */

/* Begin PBXTargetDependency section */
		D59751371F20493B00FA23F3 /* PBXTargetDependency */ = {
			isa = PBXTargetDependency;
			target = D59751201F20493B00FA23F3 /* Colors with Navigation */;
			targetProxy = D59751361F20493B00FA23F3 /* PBXContainerItemProxy */;
		};
		D59751421F20493B00FA23F3 /* PBXTargetDependency */ = {
			isa = PBXTargetDependency;
			target = D59751201F20493B00FA23F3 /* Colors with Navigation */;
			targetProxy = D59751411F20493B00FA23F3 /* PBXContainerItemProxy */;
		};
/* End PBXTargetDependency section */

/* Begin PBXVariantGroup section */
		D59751281F20493B00FA23F3 /* Main.storyboard */ = {
			isa = PBXVariantGroup;
			children = (
				D59751291F20493B00FA23F3 /* Base */,
			);
			name = Main.storyboard;
			sourceTree = "<group>";
		};
		D597512D1F20493B00FA23F3 /* LaunchScreen.storyboard */ = {
			isa = PBXVariantGroup;
			children = (
				D597512E1F20493B00FA23F3 /* Base */,
			);
			name = LaunchScreen.storyboard;
			sourceTree = "<group>";
		};
/* End PBXVariantGroup section */

/* Begin XCBuildConfiguration section */
		D59751471F20493B00FA23F3 /* Debug */ = {
			isa = XCBuildConfiguration;
			buildSettings = {
				ALWAYS_SEARCH_USER_PATHS = NO;
				CLANG_ANALYZER_NONNULL = YES;
				CLANG_ANALYZER_NUMBER_OBJECT_CONVERSION = YES_AGGRESSIVE;
				CLANG_CXX_LANGUAGE_STANDARD = "gnu++0x";
				CLANG_CXX_LIBRARY = "libc++";
				CLANG_ENABLE_MODULES = YES;
				CLANG_ENABLE_OBJC_ARC = YES;
				CLANG_WARN_BOOL_CONVERSION = YES;
				CLANG_WARN_CONSTANT_CONVERSION = YES;
				CLANG_WARN_DIRECT_OBJC_ISA_USAGE = YES_ERROR;
				CLANG_WARN_DOCUMENTATION_COMMENTS = YES;
				CLANG_WARN_EMPTY_BODY = YES;
				CLANG_WARN_ENUM_CONVERSION = YES;
				CLANG_WARN_INFINITE_RECURSION = YES;
				CLANG_WARN_INT_CONVERSION = YES;
				CLANG_WARN_OBJC_ROOT_CLASS = YES_ERROR;
				CLANG_WARN_SUSPICIOUS_MOVE = YES;
				CLANG_WARN_UNREACHABLE_CODE = YES;
				CLANG_WARN__DUPLICATE_METHOD_MATCH = YES;
				"CODE_SIGN_IDENTITY[sdk=iphoneos*]" = "iPhone Developer";
				COPY_PHASE_STRIP = NO;
				DEBUG_INFORMATION_FORMAT = dwarf;
				ENABLE_STRICT_OBJC_MSGSEND = YES;
				ENABLE_TESTABILITY = YES;
				GCC_C_LANGUAGE_STANDARD = gnu99;
				GCC_DYNAMIC_NO_PIC = NO;
				GCC_NO_COMMON_BLOCKS = YES;
				GCC_OPTIMIZATION_LEVEL = 0;
				GCC_PREPROCESSOR_DEFINITIONS = (
					"DEBUG=1",
					"$(inherited)",
				);
				GCC_WARN_64_TO_32_BIT_CONVERSION = YES;
				GCC_WARN_ABOUT_RETURN_TYPE = YES_ERROR;
				GCC_WARN_UNDECLARED_SELECTOR = YES;
				GCC_WARN_UNINITIALIZED_AUTOS = YES_AGGRESSIVE;
				GCC_WARN_UNUSED_FUNCTION = YES;
				GCC_WARN_UNUSED_VARIABLE = YES;
				IPHONEOS_DEPLOYMENT_TARGET = 10.3;
				MTL_ENABLE_DEBUG_INFO = YES;
				ONLY_ACTIVE_ARCH = YES;
				SDKROOT = iphoneos;
				SWIFT_ACTIVE_COMPILATION_CONDITIONS = DEBUG;
				SWIFT_OPTIMIZATION_LEVEL = "-Onone";
				TARGETED_DEVICE_FAMILY = "1,2";
			};
			name = Debug;
		};
		D59751481F20493B00FA23F3 /* Release */ = {
			isa = XCBuildConfiguration;
			buildSettings = {
				ALWAYS_SEARCH_USER_PATHS = NO;
				CLANG_ANALYZER_NONNULL = YES;
				CLANG_ANALYZER_NUMBER_OBJECT_CONVERSION = YES_AGGRESSIVE;
				CLANG_CXX_LANGUAGE_STANDARD = "gnu++0x";
				CLANG_CXX_LIBRARY = "libc++";
				CLANG_ENABLE_MODULES = YES;
				CLANG_ENABLE_OBJC_ARC = YES;
				CLANG_WARN_BOOL_CONVERSION = YES;
				CLANG_WARN_CONSTANT_CONVERSION = YES;
				CLANG_WARN_DIRECT_OBJC_ISA_USAGE = YES_ERROR;
				CLANG_WARN_DOCUMENTATION_COMMENTS = YES;
				CLANG_WARN_EMPTY_BODY = YES;
				CLANG_WARN_ENUM_CONVERSION = YES;
				CLANG_WARN_INFINITE_RECURSION = YES;
				CLANG_WARN_INT_CONVERSION = YES;
				CLANG_WARN_OBJC_ROOT_CLASS = YES_ERROR;
				CLANG_WARN_SUSPICIOUS_MOVE = YES;
				CLANG_WARN_UNREACHABLE_CODE = YES;
				CLANG_WARN__DUPLICATE_METHOD_MATCH = YES;
				"CODE_SIGN_IDENTITY[sdk=iphoneos*]" = "iPhone Developer";
				COPY_PHASE_STRIP = NO;
				DEBUG_INFORMATION_FORMAT = "dwarf-with-dsym";
				ENABLE_NS_ASSERTIONS = NO;
				ENABLE_STRICT_OBJC_MSGSEND = YES;
				GCC_C_LANGUAGE_STANDARD = gnu99;
				GCC_NO_COMMON_BLOCKS = YES;
				GCC_WARN_64_TO_32_BIT_CONVERSION = YES;
				GCC_WARN_ABOUT_RETURN_TYPE = YES_ERROR;
				GCC_WARN_UNDECLARED_SELECTOR = YES;
				GCC_WARN_UNINITIALIZED_AUTOS = YES_AGGRESSIVE;
				GCC_WARN_UNUSED_FUNCTION = YES;
				GCC_WARN_UNUSED_VARIABLE = YES;
				IPHONEOS_DEPLOYMENT_TARGET = 10.3;
				MTL_ENABLE_DEBUG_INFO = NO;
				SDKROOT = iphoneos;
				SWIFT_OPTIMIZATION_LEVEL = "-Owholemodule";
				TARGETED_DEVICE_FAMILY = "1,2";
				VALIDATE_PRODUCT = YES;
			};
			name = Release;
		};
		D597514A1F20493B00FA23F3 /* Debug */ = {
			isa = XCBuildConfiguration;
			buildSettings = {
				ASSETCATALOG_COMPILER_APPICON_NAME = AppIcon;
				DEVELOPMENT_TEAM = 2VB37L389D;
				INFOPLIST_FILE = "Colors with Navigation/Info.plist";
				LD_RUNPATH_SEARCH_PATHS = "$(inherited) @executable_path/Frameworks";
				PRODUCT_BUNDLE_IDENTIFIER = "edu.Missouri.Colors-with-Navigation";
				PRODUCT_NAME = "$(TARGET_NAME)";
				SWIFT_VERSION = 3.0;
			};
			name = Debug;
		};
		D597514B1F20493B00FA23F3 /* Release */ = {
			isa = XCBuildConfiguration;
			buildSettings = {
				ASSETCATALOG_COMPILER_APPICON_NAME = AppIcon;
				DEVELOPMENT_TEAM = 2VB37L389D;
				INFOPLIST_FILE = "Colors with Navigation/Info.plist";
				LD_RUNPATH_SEARCH_PATHS = "$(inherited) @executable_path/Frameworks";
				PRODUCT_BUNDLE_IDENTIFIER = "edu.Missouri.Colors-with-Navigation";
				PRODUCT_NAME = "$(TARGET_NAME)";
				SWIFT_VERSION = 3.0;
			};
			name = Release;
		};
		D597514D1F20493B00FA23F3 /* Debug */ = {
			isa = XCBuildConfiguration;
			buildSettings = {
				ALWAYS_EMBED_SWIFT_STANDARD_LIBRARIES = YES;
				BUNDLE_LOADER = "$(TEST_HOST)";
				DEVELOPMENT_TEAM = 2VB37L389D;
				INFOPLIST_FILE = "Colors with NavigationTests/Info.plist";
				LD_RUNPATH_SEARCH_PATHS = "$(inherited) @executable_path/Frameworks @loader_path/Frameworks";
				PRODUCT_BUNDLE_IDENTIFIER = "edu.Missouri.Colors-with-NavigationTests";
				PRODUCT_NAME = "$(TARGET_NAME)";
				SWIFT_VERSION = 3.0;
				TEST_HOST = "$(BUILT_PRODUCTS_DIR)/Colors with Navigation.app/Colors with Navigation";
			};
			name = Debug;
		};
		D597514E1F20493B00FA23F3 /* Release */ = {
			isa = XCBuildConfiguration;
			buildSettings = {
				ALWAYS_EMBED_SWIFT_STANDARD_LIBRARIES = YES;
				BUNDLE_LOADER = "$(TEST_HOST)";
				DEVELOPMENT_TEAM = 2VB37L389D;
				INFOPLIST_FILE = "Colors with NavigationTests/Info.plist";
				LD_RUNPATH_SEARCH_PATHS = "$(inherited) @executable_path/Frameworks @loader_path/Frameworks";
				PRODUCT_BUNDLE_IDENTIFIER = "edu.Missouri.Colors-with-NavigationTests";
				PRODUCT_NAME = "$(TARGET_NAME)";
				SWIFT_VERSION = 3.0;
				TEST_HOST = "$(BUILT_PRODUCTS_DIR)/Colors with Navigation.app/Colors with Navigation";
			};
			name = Release;
		};
		D59751501F20493B00FA23F3 /* Debug */ = {
			isa = XCBuildConfiguration;
			buildSettings = {
				ALWAYS_EMBED_SWIFT_STANDARD_LIBRARIES = YES;
				DEVELOPMENT_TEAM = 2VB37L389D;
				INFOPLIST_FILE = "Colors with NavigationUITests/Info.plist";
				LD_RUNPATH_SEARCH_PATHS = "$(inherited) @executable_path/Frameworks @loader_path/Frameworks";
				PRODUCT_BUNDLE_IDENTIFIER = "edu.Missouri.Colors-with-NavigationUITests";
				PRODUCT_NAME = "$(TARGET_NAME)";
				SWIFT_VERSION = 3.0;
				TEST_TARGET_NAME = "Colors with Navigation";
			};
			name = Debug;
		};
		D59751511F20493B00FA23F3 /* Release */ = {
			isa = XCBuildConfiguration;
			buildSettings = {
				ALWAYS_EMBED_SWIFT_STANDARD_LIBRARIES = YES;
				DEVELOPMENT_TEAM = 2VB37L389D;
				INFOPLIST_FILE = "Colors with NavigationUITests/Info.plist";
				LD_RUNPATH_SEARCH_PATHS = "$(inherited) @executable_path/Frameworks @loader_path/Frameworks";
				PRODUCT_BUNDLE_IDENTIFIER = "edu.Missouri.Colors-with-NavigationUITests";
				PRODUCT_NAME = "$(TARGET_NAME)";
				SWIFT_VERSION = 3.0;
				TEST_TARGET_NAME = "Colors with Navigation";
			};
			name = Release;
		};
/* End XCBuildConfiguration section */

/* Begin XCConfigurationList section */
		D597511C1F20493B00FA23F3 /* Build configuration list for PBXProject "Colors with Navigation" */ = {
			isa = XCConfigurationList;
			buildConfigurations = (
				D59751471F20493B00FA23F3 /* Debug */,
				D59751481F20493B00FA23F3 /* Release */,
			);
			defaultConfigurationIsVisible = 0;
			defaultConfigurationName = Release;
		};
		D59751491F20493B00FA23F3 /* Build configuration list for PBXNativeTarget "Colors with Navigation" */ = {
			isa = XCConfigurationList;
			buildConfigurations = (
				D597514A1F20493B00FA23F3 /* Debug */,
				D597514B1F20493B00FA23F3 /* Release */,
			);
			defaultConfigurationIsVisible = 0;
			defaultConfigurationName = Release;
		};
		D597514C1F20493B00FA23F3 /* Build configuration list for PBXNativeTarget "Colors with NavigationTests" */ = {
			isa = XCConfigurationList;
			buildConfigurations = (
				D597514D1F20493B00FA23F3 /* Debug */,
				D597514E1F20493B00FA23F3 /* Release */,
			);
			defaultConfigurationIsVisible = 0;
			defaultConfigurationName = Release;
		};
		D597514F1F20493B00FA23F3 /* Build configuration list for PBXNativeTarget "Colors with NavigationUITests" */ = {
			isa = XCConfigurationList;
			buildConfigurations = (
				D59751501F20493B00FA23F3 /* Debug */,
				D59751511F20493B00FA23F3 /* Release */,
			);
			defaultConfigurationIsVisible = 0;
			defaultConfigurationName = Release;
		};
/* End XCConfigurationList section */
	};
	rootObject = D59751191F20493B00FA23F3 /* Project object */;
}
